{
    "_meta": {
        "hash": {
            "sha256": "cb3b5899fe3406be374d2f90e7791590e7a0f2c43c3b57da2e6b36ea46f495ca"
        },
        "pipfile-spec": 6,
        "requires": {
            "python_version": "3.9"
        },
        "sources": [
            {
                "name": "pypi",
                "url": "https://pypi.org/simple",
                "verify_ssl": true
            }
        ]
    },
    "default": {
        "adafruit-blinka": {
            "hashes": [
                "sha256:157123312019dd6288b8c4296488acd30409a3070fa0ce8b8764d0ca505ac286"
            ],
            "index": "pypi",
            "version": "==6.18.0"
        },
        "adafruit-circuitpython-busdevice": {
            "hashes": [
                "sha256:27049b07a3d6cdc6646bfe950ab1465604d898454b0fd9d893fd2c5294551506"
            ],
            "version": "==5.1.1"
        },
        "adafruit-circuitpython-framebuf": {
            "hashes": [
                "sha256:f231d47d21e27c64dddb9d5e4a905e0de6735dee7b2ed532f65207b0877fe52c"
            ],
            "version": "==1.4.8"
        },
        "adafruit-circuitpython-pn532": {
            "hashes": [
                "sha256:146e953182946488319e079de229264924d1647b83ad17f9b0ca9c21fc684f0c"
            ],
            "index": "pypi",
            "version": "==2.3.4"
        },
        "adafruit-circuitpython-ssd1306": {
            "hashes": [
                "sha256:1e0aeb8f2598258cd3d6dd4dd305ef603cb9d15c531b3654477666fdd06e17c2"
            ],
            "index": "pypi",
            "version": "==2.12.3"
        },
        "adafruit-platformdetect": {
            "hashes": [
                "sha256:cec9efdcbc3e09684d43da2f5c0b88ba30177e48e28969bbf7b9dc1c8377cbf1"
            ],
            "markers": "python_version >= '3.6'",
            "version": "==3.19.2"
        },
        "adafruit-pureio": {
            "hashes": [
                "sha256:2caf22fb07c7f771d83267f331a76cde314723f884a9570ea6f768730c87a879"
            ],
            "markers": "python_version >= '3.5'",
            "version": "==1.1.9"
        },
        "aiopubsub": {
            "hashes": [
                "sha256:41de577f8552006d8a0885b5ed468f1216ccf594b695cc1d89aa5eba838c4ad3"
            ],
            "index": "pypi",
            "version": "==3.0.0"
        },
        "awscrt": {
            "hashes": [
                "sha256:0af2dc879c7d9b3d64efce30356fa63f1cd5507fd5e7cb74c2e94a8a76eed7b6",
                "sha256:0cf9fdb1ddbeb86dd1fa6f19c8e473928de6c91b486677036f69f519c649cf33",
                "sha256:1077af533d8373e01a6e6eebe59360a2922eb9b648b512a91b89c393731434a1",
                "sha256:157bb70c3dcc313c24feb4a5880e62bd464a82df23ee41d49a47147146fc5ca5",
                "sha256:1c54dcb9e7e5d320a8ee3c09a51e27b978d7a9a089179031764adf69e5091392",
                "sha256:21d103231d1b5f6558c869f7bcd2bc6df0ffaa7814be14d59929c81b6ab42eac",
                "sha256:2b2a71ee19272ce5adca9aeae0ac3baf44096e31f9f595bf34fcf37663153fc2",
                "sha256:364f66002ada593a55167c8116fa0c1fe9ddaf4a1401db25b66273856e90da6b",
                "sha256:3a75b8880f1df7809645035db91d4197c45650d915771cc9a87f932a23bafc1c",
                "sha256:45cb429541808806bb031e417c1fb888f29a0b34e68a87663fcf07527eff8e19",
                "sha256:588405c8a0a3e0619ca1524bf031639fcab47992a27db84fd7a2e1d779e16690",
                "sha256:5b209238bce02aae58765e5b1dc6e5412a0019de4f4ea77c5d302ef5681b848c",
                "sha256:5fcf0d1b971cde025195e194ea0483b1e6c8bafd6430833adfb88dbdf474ec78",
                "sha256:65f3b9768b1bc359a14d0245c52037f0287b57640e436fa3ebe22c61ca091bf2",
                "sha256:6a77305819c7c9c982e028b0c9b72e9df1970bdd739ae41336785e44de0c218b",
                "sha256:6bf579b970f0b64c57c2ffdb06b1e1999680fbb05948aa49dd0883943048b321",
                "sha256:6e7704274f495c2a3fe47cdbf8daf4f2762aef412a69169dd452cb880459a4e2",
                "sha256:7aec48254fe76c411b0729dae0026273103747f16b34f52db1017f362bf08b00",
                "sha256:8041bf209e863453060307ffa0ca28e4d125e289dd497ebaece0ffc2bff2d0fc",
                "sha256:99d03260140f7fa0af2471be3916ee050bb506709803b4025989ceac6e54e1ab",
                "sha256:9a3f7a9e060d576140f73d7430e9fbb00f54c0bdeaab374a373295c2b83e0d0b",
                "sha256:a4b43e896fb350f5609a056e97996d60fa0d959ed10a450b8e66c47f81cced01",
                "sha256:a659f86638f2fa6ef39c757edf27d0310477b09da54e64142d0225965d41e210",
                "sha256:ac821bfd4946ca6e1a5894959fd20ae1e94723e2390bd8d38abc21fe8cf7ea51",
                "sha256:c93c623fbabca59c22a4329af517d587b9b2ec6702de9377f26f53a8235a49e2",
                "sha256:ce02357ccddc6d968da56e564dd265b18100fe706d4c7897b7d2c0ae27421047",
                "sha256:d290f078d0e309c15b5e4994e7f314aced22c0e6f1631ac388b00d1b7c457166",
                "sha256:d5e29cca4d9dc535e28468d13821cebbad6ba67df54d4a8f08b551bd6ba44082",
                "sha256:d6352a54cadf458c1316e0c8fc63beb4e25529d3fa615efca2ae215aa63fec75",
                "sha256:ee5c13cefbb5c4119079e0a1ab90b2cfa83e645e92ebd41b6e5464847212641d",
                "sha256:f83091f60b90990803918353968ef90c4e72fe59379485488c99213bf48bd333"
            ],
            "index": "pypi",
            "version": "==0.12.1"
        },
        "awsiot": {
            "hashes": [
                "sha256:ffa52ffce81c481bb94edcbe93fe675cf8dc72120d84b0922412da6d457771ec"
            ],
            "index": "pypi",
            "version": "==0.1.3"
        },
        "awsiotsdk": {
            "hashes": [
                "sha256:ac86d5d30140c60bddd5e51de3728051a9df5a2224892971cea076e924e4797a",
                "sha256:b9a99fe2c46a0deaf7eb9010fab439594bc7a4771af06fb3d0b3f16be13f5709"
            ],
            "index": "pypi",
            "version": "==1.7.1"
        },
        "boto3": {
            "hashes": [
                "sha256:1e72294b042651ab27a3b6a9eea2810fc8faab5be52b0876f9f5b55f5fd9e101",
                "sha256:4110e8a1790842d1f818363b83c5f72dea4bdd980c46df1540814c4a79d72884"
            ],
            "markers": "python_version >= '3.6'",
            "version": "==1.20.33"
        },
        "botocore": {
            "hashes": [
                "sha256:8faeda0da14a3cb5df8005052527cc0263181adad6bdbfedbe20079c72973c2c",
                "sha256:9be1ea775e6de420a5873dff42108a1843e9137a52ef98c926dad56a8152ef2f"
            ],
            "markers": "python_version >= '3.6'",
            "version": "==1.23.33"
        },
        "click": {
            "hashes": [
                "sha256:353f466495adaeb40b6b5f592f9f91cb22372351c84caeb068132442a4518ef3",
                "sha256:410e932b050f5eed773c4cda94de75971c89cdb3155a72a0831139a79e5ecb5b"
            ],
            "markers": "python_version >= '3.6'",
            "version": "==8.0.3"
        },
        "jmespath": {
            "hashes": [
                "sha256:b85d0567b8666149a93172712e68920734333c0ce7e89b78b3e987f71e5ed4f9",
                "sha256:cdf6525904cc597730141d61b36f2e4b8ecc257c420fa2f4549bac2c2d0cb72f"
            ],
            "markers": "python_version >= '2.6' and python_version not in '3.0, 3.1, 3.2, 3.3'",
            "version": "==0.10.0"
        },
        "pyftdi": {
            "hashes": [
                "sha256:4ef20c246bdb0f278d283337d7a6e69cf9bdb0ead525e7ad867d9e46ad26e613",
                "sha256:6e86880ec6d66389de643ca83de5d59fffea3bd334f492e12fab71a832f878a2"
            ],
            "markers": "python_version >= '3.6'",
            "version": "==0.53.3"
        },
        "pyserial": {
            "hashes": [
                "sha256:3c77e014170dfffbd816e6ffc205e9842efb10be9f58ec16d3e8675b4925cddb",
                "sha256:c4451db6ba391ca6ca299fb3ec7bae67a5c55dde170964c7a14ceefec02f2cf0"
            ],
            "version": "==3.5"
        },
        "python-dateutil": {
            "hashes": [
                "sha256:0123cacc1627ae19ddf3c27a5de5bd67ee4586fbdd6440d9748f8abb483d3e86",
                "sha256:961d03dc3453ebbc59dbdea9e4e11c5651520a876d0f4db161e8674aae935da9"
            ],
            "markers": "python_version >= '2.7' and python_version not in '3.0, 3.1, 3.2, 3.3'",
            "version": "==2.8.2"
        },
        "python-dotenv": {
            "hashes": [
                "sha256:32b2bdc1873fd3a3c346da1c6db83d0053c3c62f28f1f38516070c4c8971b1d3",
                "sha256:a5de49a31e953b45ff2d2fd434bbc2670e8db5273606c1e737cc6b93eff3655f"
            ],
            "index": "pypi",
            "version": "==0.19.2"
        },
        "pyusb": {
            "hashes": [
                "sha256:2b4c7cb86dbadf044dfb9d3a4ff69fd217013dbe78a792177a3feb172449ea36",
                "sha256:a4cc7404a203144754164b8b40994e2849fde1cfff06b08492f12fff9d9de7b9"
            ],
            "markers": "python_version >= '3.6'",
            "version": "==1.2.1"
        },
        "rpi-ws281x": {
            "hashes": [
                "sha256:0d1b68d2912bf56ba9078c4117720e1de29cef56af222fef64e767307ab88fda",
                "sha256:689f3f4a81c70adc830694140d9de84d0dbc3b8b4ece4fc3d1ef43b2348ce9ab",
                "sha256:d403bd2a45e70ec672ecc0dc2757f218d8c07401dcb2711599523e9f34c4579c"
            ],
            "version": "==4.3.1"
        },
        "rpi.gpio": {
            "hashes": [
                "sha256:7424bc6c205466764f30f666c18187a0824077daf20b295c42f08aea2cb87d3f"
            ],
            "index": "pypi",
            "version": "==0.7.0"
        },
        "s3transfer": {
            "hashes": [
                "sha256:50ed823e1dc5868ad40c8dc92072f757aa0e653a192845c94a3b676f4a62da4c",
                "sha256:9c1dc369814391a6bda20ebbf4b70a0f34630592c9aa520856bf384916af2803"
            ],
            "markers": "python_version >= '3.6'",
            "version": "==0.5.0"
        },
        "six": {
            "hashes": [
                "sha256:1e61c37477a1626458e36f7b1d82aa5c9b094fa4802892072e49de9c60c4c926",
                "sha256:8abb2f1d86890a2dfb989f9a77cfcfd3e47c2a354b01111771326f8aa26e0254"
            ],
            "markers": "python_version >= '2.7' and python_version not in '3.0, 3.1, 3.2, 3.3'",
            "version": "==1.16.0"
        },
        "sysv-ipc": {
            "hashes": [
                "sha256:0f063cbd36ec232032e425769ebc871f195a7d183b9af32f9901589ea7129ac3",
                "sha256:30611dccecd8fa0dc9f83d4d465e5047692df0ec9a095abef8b90ccc64afbdaf",
                "sha256:4bbbe4e5ad5ab859e6d21fc8ff3e3b01082b959fa5c2cd76289dbcd56350c5f9",
                "sha256:61190b934b0277f7a189092dcabceee8d9736fd73de90fd9b50ea69f0bac4723",
                "sha256:ff6e3c98d8aa3e1ae5378d86869c4699c76f94318705d08085c97fb010770a31"
            ],
            "version": "==1.1.0"
        },
        "urllib3": {
            "hashes": [
                "sha256:000ca7f471a233c2251c6c7023ee85305721bfdf18621ebff4fd17a8653427ed",
                "sha256:0e7c33d9a63e7ddfcb86780aac87befc2fbddf46c58dbb487e0855f7ceec283c"
            ],
            "markers": "python_version >= '2.7' and python_version not in '3.0, 3.1, 3.2, 3.3, 3.4' and python_version < '4'",
            "version": "==1.26.8"
        }
    },
    "develop": {}
}
